
Microsoft Visual Studio Solution File, Format Version 12.00
# Visual Studio Version 17
VisualStudioVersion = 17.5.33530.505
MinimumVisualStudioVersion = 10.0.40219.1
Project("{9A19103F-16F7-4668-BE54-9A1E7A4F7556}") = "SyncServer", "SyncServer\SyncServer.csproj", "{DA95DA23-4578-470C-9B1D-339FCEF88A8F}"
EndProject
Project("{9A19103F-16F7-4668-BE54-9A1E7A4F7556}") = "SyncClient", "SyncClient\SyncClient.csproj", "{BC85C9C8-4553-412B-90CF-F5D95EAD6078}"
EndProject
Global
	GlobalSection(SolutionConfigurationPlatforms) = preSolution
		Debug|Any CPU = Debug|Any CPU
		Release|Any CPU = Release|Any CPU
	EndGlobalSection
	GlobalSection(ProjectConfigurationPlatforms) = postSolution
		{DA95DA23-4578-470C-9B1D-339FCEF88A8F}.Debug|Any CPU.ActiveCfg = Debug|Any CPU
		{DA95DA23-4578-470C-9B1D-339FCEF88A8F}.Debug|Any CPU.Build.0 = Debug|Any CPU
		{DA95DA23-4578-470C-9B1D-339FCEF88A8F}.Release|Any CPU.ActiveCfg = Release|Any CPU
		{DA95DA23-4578-470C-9B1D-339FCEF88A8F}.Release|Any CPU.Build.0 = Release|Any CPU
		{BC85C9C8-4553-412B-90CF-F5D95EAD6078}.Debug|Any CPU.ActiveCfg = Debug|Any CPU
		{BC85C9C8-4553-412B-90CF-F5D95EAD6078}.Debug|Any CPU.Build.0 = Debug|Any CPU
		{BC85C9C8-4553-412B-90CF-F5D95EAD6078}.Release|Any CPU.ActiveCfg = Release|Any CPU
		{BC85C9C8-4553-412B-90CF-F5D95EAD6078}.Release|Any CPU.Build.0 = Release|Any CPU
	EndGlobalSection
	GlobalSection(SolutionProperties) = preSolution
		HideSolutionNode = FALSE
	EndGlobalSection
	GlobalSection(ExtensibilityGlobals) = postSolution
		SolutionGuid = {0887B6C5-81DB-46EA-8CFC-498E706EBB7A}
	EndGlobalSection
EndGlobal
